%{"ex_doc": {:hex, :ex_doc, "0.7.2"},
  "excoveralls": {:hex, :excoveralls, "0.3.8"},
  "exjsx": {:hex, :exjsx, "3.1.0"},
  "hackney": {:hex, :hackney, "1.1.0"},
  "ibrowse": {:git, "git://github.com/cmullaparthi/ibrowse.git", "ea3305d21f37eced4fac290f64b068e56df7de80", [tag: "v4.1.2"]},
  "idna": {:hex, :idna, "1.0.2"},
  "jsx": {:hex, :jsx, "2.4.0"},
  "ssl_verify_hostname": {:hex, :ssl_verify_hostname, "1.0.4"}}
